
Microsoft Visual Studio Solution File, Format Version 12.00
# Visual Studio Version 16
VisualStudioVersion = 16.0.32126.315
MinimumVisualStudioVersion = 10.0.40219.1
Project("{9A19103F-16F7-4668-BE54-9A1E7A4F7556}") = "Cinema.Web", "Cinema\Cinema.Web.csproj", "{9F7FB24C-3AD4-4076-B54E-A57A2E260B4D}"
EndProject
Project("{9A19103F-16F7-4668-BE54-9A1E7A4F7556}") = "Cinema.Domain", "Cinema.Domain\Cinema.Domain.csproj", "{545EBEB1-BCD5-4F4E-B40D-436AED3CF2E8}"
EndProject
Project("{9A19103F-16F7-4668-BE54-9A1E7A4F7556}") = "Cinema.Repository", "Cinema.Repository\Cinema.Repository.csproj", "{744A5DB5-B464-4B24-8BD0-46415EADC759}"
EndProject
Project("{9A19103F-16F7-4668-BE54-9A1E7A4F7556}") = "Cinema.Service", "Cinema.Service\Cinema.Service.csproj", "{381C80A7-A8B9-4ABE-9DE8-E660954A1EC9}"
EndProject
Project("{2150E333-8FDC-42A3-9474-1A3956D46DE8}") = "video", "video", "{0BC2E203-0FCD-472E-BC58-9EE419417C08}"
	ProjectSection(SolutionItems) = preProject
		..\..\..\..\..\Videos\Cinema.mkv = ..\..\..\..\..\Videos\Cinema.mkv
	EndProjectSection
EndProject
Global
	GlobalSection(SolutionConfigurationPlatforms) = preSolution
		Debug|Any CPU = Debug|Any CPU
		Release|Any CPU = Release|Any CPU
	EndGlobalSection
	GlobalSection(ProjectConfigurationPlatforms) = postSolution
		{9F7FB24C-3AD4-4076-B54E-A57A2E260B4D}.Debug|Any CPU.ActiveCfg = Debug|Any CPU
		{9F7FB24C-3AD4-4076-B54E-A57A2E260B4D}.Debug|Any CPU.Build.0 = Debug|Any CPU
		{9F7FB24C-3AD4-4076-B54E-A57A2E260B4D}.Release|Any CPU.ActiveCfg = Release|Any CPU
		{9F7FB24C-3AD4-4076-B54E-A57A2E260B4D}.Release|Any CPU.Build.0 = Release|Any CPU
		{545EBEB1-BCD5-4F4E-B40D-436AED3CF2E8}.Debug|Any CPU.ActiveCfg = Debug|Any CPU
		{545EBEB1-BCD5-4F4E-B40D-436AED3CF2E8}.Debug|Any CPU.Build.0 = Debug|Any CPU
		{545EBEB1-BCD5-4F4E-B40D-436AED3CF2E8}.Release|Any CPU.ActiveCfg = Release|Any CPU
		{545EBEB1-BCD5-4F4E-B40D-436AED3CF2E8}.Release|Any CPU.Build.0 = Release|Any CPU
		{744A5DB5-B464-4B24-8BD0-46415EADC759}.Debug|Any CPU.ActiveCfg = Debug|Any CPU
		{744A5DB5-B464-4B24-8BD0-46415EADC759}.Debug|Any CPU.Build.0 = Debug|Any CPU
		{744A5DB5-B464-4B24-8BD0-46415EADC759}.Release|Any CPU.ActiveCfg = Release|Any CPU
		{744A5DB5-B464-4B24-8BD0-46415EADC759}.Release|Any CPU.Build.0 = Release|Any CPU
		{381C80A7-A8B9-4ABE-9DE8-E660954A1EC9}.Debug|Any CPU.ActiveCfg = Debug|Any CPU
		{381C80A7-A8B9-4ABE-9DE8-E660954A1EC9}.Debug|Any CPU.Build.0 = Debug|Any CPU
		{381C80A7-A8B9-4ABE-9DE8-E660954A1EC9}.Release|Any CPU.ActiveCfg = Release|Any CPU
		{381C80A7-A8B9-4ABE-9DE8-E660954A1EC9}.Release|Any CPU.Build.0 = Release|Any CPU
	EndGlobalSection
	GlobalSection(SolutionProperties) = preSolution
		HideSolutionNode = FALSE
	EndGlobalSection
	GlobalSection(ExtensibilityGlobals) = postSolution
		SolutionGuid = {B4EE8ECC-D5F1-4D82-AC9B-2FFB116F6955}
	EndGlobalSection
EndGlobal
